# THIS IS AN AUTOGENERATED FILE. DO NOT EDIT THIS FILE DIRECTLY.
# yarn lockfile v1


"@firebase/ai@2.3.0":
  version "2.3.0"
  resolved "https://registry.yarnpkg.com/@firebase/ai/-/ai-2.3.0.tgz#96c77dbd13adea9c2f7691ddaa91960201954684"
  integrity sha512-rVZgf4FszXPSFVIeWLE8ruLU2JDmPXw4XgghcC0x/lK9veGJIyu+DvyumjreVhW/RwD3E5cNPWxQunzylhf/6w==
  dependencies:
    "@firebase/app-check-interop-types" "0.3.3"
    "@firebase/component" "0.7.0"
    "@firebase/logger" "0.5.0"
    "@firebase/util" "1.13.0"
    tslib "^2.1.0"

"@firebase/analytics-compat@0.2.24":
  version "0.2.24"
  resolved "https://registry.yarnpkg.com/@firebase/analytics-compat/-/analytics-compat-0.2.24.tgz#806c34ddd5c4869006eead08bfde575972d73ce2"
  integrity sha512-jE+kJnPG86XSqGQGhXXYt1tpTbCTED8OQJ/PQ90SEw14CuxRxx/H+lFbWA1rlFtFSsTCptAJtgyRBwr/f00vsw==
  dependencies:
    "@firebase/analytics" "0.10.18"
    "@firebase/analytics-types" "0.8.3"
    "@firebase/component" "0.7.0"
    "@firebase/util" "1.13.0"
    tslib "^2.1.0"

"@firebase/analytics-types@0.8.3":
  version "0.8.3"
  resolved "https://registry.yarnpkg.com/@firebase/analytics-types/-/analytics-types-0.8.3.tgz#d08cd39a6209693ca2039ba7a81570dfa6c1518f"
  integrity sha512-VrIp/d8iq2g501qO46uGz3hjbDb8xzYMrbu8Tp0ovzIzrvJZ2fvmj649gTjge/b7cCCcjT0H37g1gVtlNhnkbg==

"@firebase/analytics@0.10.18":
  version "0.10.18"
  resolved "https://registry.yarnpkg.com/@firebase/analytics/-/analytics-0.10.18.tgz#930d43504a02fe0128a8d82f8c5361911b0dbd04"
  integrity sha512-iN7IgLvM06iFk8BeFoWqvVpRFW3Z70f+Qe2PfCJ7vPIgLPjHXDE774DhCT5Y2/ZU/ZbXPDPD60x/XPWEoZLNdg==
  dependencies:
    "@firebase/component" "0.7.0"
    "@firebase/installations" "0.6.19"
    "@firebase/logger" "0.5.0"
    "@firebase/util" "1.13.0"
    tslib "^2.1.0"

"@firebase/app-check-compat@0.4.0":
  version "0.4.0"
  resolved "https://registry.yarnpkg.com/@firebase/app-check-compat/-/app-check-compat-0.4.0.tgz#94ac0cf9f66cab1d81a7b14e0c151dcc2684bc95"
  integrity sha512-UfK2Q8RJNjYM/8MFORltZRG9lJj11k0nW84rrffiKvcJxLf1jf6IEjCIkCamykHE73C6BwqhVfhIBs69GXQV0g==
  dependencies:
    "@firebase/app-check" "0.11.0"
    "@firebase/app-check-types" "0.5.3"
    "@firebase/component" "0.7.0"
    "@firebase/logger" "0.5.0"
    "@firebase/util" "1.13.0"
    tslib "^2.1.0"

"@firebase/app-check-interop-types@0.3.3":
  version "0.3.3"
  resolved "https://registry.yarnpkg.com/@firebase/app-check-interop-types/-/app-check-interop-types-0.3.3.tgz#ed9c4a4f48d1395ef378f007476db3940aa5351a"
  integrity sha512-gAlxfPLT2j8bTI/qfe3ahl2I2YcBQ8cFIBdhAQA4I2f3TndcO+22YizyGYuttLHPQEpWkhmpFW60VCFEPg4g5A==

"@firebase/app-check-types@0.5.3":
  version "0.5.3"
  resolved "https://registry.yarnpkg.com/@firebase/app-check-types/-/app-check-types-0.5.3.tgz#38ba954acf4bffe451581a32fffa20337f11d8e5"
  integrity sha512-hyl5rKSj0QmwPdsAxrI5x1otDlByQ7bvNvVt8G/XPO2CSwE++rmSVf3VEhaeOR4J8ZFaF0Z0NDSmLejPweZ3ng==

"@firebase/app-check@0.11.0":
  version "0.11.0"
  resolved "https://registry.yarnpkg.com/@firebase/app-check/-/app-check-0.11.0.tgz#a7e1d1e3f5ae36eabed1455db937114fe869ce8f"
  integrity sha512-XAvALQayUMBJo58U/rxW02IhsesaxxfWVmVkauZvGEz3vOAjMEQnzFlyblqkc2iAaO82uJ2ZVyZv9XzPfxjJ6w==
  dependencies:
    "@firebase/component" "0.7.0"
    "@firebase/logger" "0.5.0"
    "@firebase/util" "1.13.0"
    tslib "^2.1.0"

"@firebase/app-compat@0.5.3":
  version "0.5.3"
  resolved "https://registry.yarnpkg.com/@firebase/app-compat/-/app-compat-0.5.3.tgz#efc5d6dac111af6670ece288f9ef17af48281566"
  integrity sha512-rRK9YOvgsAU/+edjgubL1q1FyCMjBZZs+fAWtD36tklawkh6WZV07sNLVSceuni+a21oby6xoad+3R8dfztOrA==
  dependencies:
    "@firebase/app" "0.14.3"
    "@firebase/component" "0.7.0"
    "@firebase/logger" "0.5.0"
    "@firebase/util" "1.13.0"
    tslib "^2.1.0"

"@firebase/app-types@0.9.3":
  version "0.9.3"
  resolved "https://registry.yarnpkg.com/@firebase/app-types/-/app-types-0.9.3.tgz#8408219eae9b1fb74f86c24e7150a148460414ad"
  integrity sha512-kRVpIl4vVGJ4baogMDINbyrIOtOxqhkZQg4jTq3l8Lw6WSk0xfpEYzezFu+Kl4ve4fbPl79dvwRtaFqAC/ucCw==

"@firebase/app@0.14.3":
  version "0.14.3"
  resolved "https://registry.yarnpkg.com/@firebase/app/-/app-0.14.3.tgz#45fd8dade5a7566e53966c5a19ca98005ebae4ed"
  integrity sha512-by1leTfZkwGycPKRWpc+p5/IhpnOj8zaScVi4RRm9fMoFYS3IE87Wzx1Yf/ruVYowXOEuLqYY3VmJw5tU3+0Bg==
  dependencies:
    "@firebase/component" "0.7.0"
    "@firebase/logger" "0.5.0"
    "@firebase/util" "1.13.0"
    idb "7.1.1"
    tslib "^2.1.0"

"@firebase/auth-compat@0.6.0":
  version "0.6.0"
  resolved "https://registry.yarnpkg.com/@firebase/auth-compat/-/auth-compat-0.6.0.tgz#1464ea6049b2ad0aae83b4fdcd5e5e5aba6b1c50"
  integrity sha512-J0lGSxXlG/lYVi45wbpPhcWiWUMXevY4fvLZsN1GHh+po7TZVng+figdHBVhFheaiipU8HZyc7ljw1jNojM2nw==
  dependencies:
    "@firebase/auth" "1.11.0"
    "@firebase/auth-types" "0.13.0"
    "@firebase/component" "0.7.0"
    "@firebase/util" "1.13.0"
    tslib "^2.1.0"

"@firebase/auth-interop-types@0.2.4":
  version "0.2.4"
  resolved "https://registry.yarnpkg.com/@firebase/auth-interop-types/-/auth-interop-types-0.2.4.tgz#176a08686b0685596ff03d7879b7e4115af53de0"
  integrity sha512-JPgcXKCuO+CWqGDnigBtvo09HeBs5u/Ktc2GaFj2m01hLarbxthLNm7Fk8iOP1aqAtXV+fnnGj7U28xmk7IwVA==

"@firebase/auth-types@0.13.0":
  version "0.13.0"
  resolved "https://registry.yarnpkg.com/@firebase/auth-types/-/auth-types-0.13.0.tgz#ae6e0015e3bd4bfe18edd0942b48a0a118a098d9"
  integrity sha512-S/PuIjni0AQRLF+l9ck0YpsMOdE8GO2KU6ubmBB7P+7TJUCQDa3R1dlgYm9UzGbbePMZsp0xzB93f2b/CgxMOg==

"@firebase/auth@1.11.0":
  version "1.11.0"
  resolved "https://registry.yarnpkg.com/@firebase/auth/-/auth-1.11.0.tgz#81a4f77b16d97c502e493b2a14a97443e243a2a0"
  integrity sha512-5j7+ua93X+IRcJ1oMDTClTo85l7Xe40WSkoJ+shzPrX7OISlVWLdE1mKC57PSD+/LfAbdhJmvKixINBw2ESK6w==
  dependencies:
    "@firebase/component" "0.7.0"
    "@firebase/logger" "0.5.0"
    "@firebase/util" "1.13.0"
    tslib "^2.1.0"

"@firebase/component@0.7.0":
  version "0.7.0"
  resolved "https://registry.yarnpkg.com/@firebase/component/-/component-0.7.0.tgz#3736644fdb6d3572dceae7fdc1c35a8bd3819adc"
  integrity sha512-wR9En2A+WESUHexjmRHkqtaVH94WLNKt6rmeqZhSLBybg4Wyf0Umk04SZsS6sBq4102ZsDBFwoqMqJYj2IoDSg==
  dependencies:
    "@firebase/util" "1.13.0"
    tslib "^2.1.0"

"@firebase/data-connect@0.3.11":
  version "0.3.11"
  resolved "https://registry.yarnpkg.com/@firebase/data-connect/-/data-connect-0.3.11.tgz#60a7a9649e4aedd005546032466ef9abc0a544c1"
  integrity sha512-G258eLzAD6im9Bsw+Qm1Z+P4x0PGNQ45yeUuuqe5M9B1rn0RJvvsQCRHXgE52Z+n9+WX1OJd/crcuunvOGc7Vw==
  dependencies:
    "@firebase/auth-interop-types" "0.2.4"
    "@firebase/component" "0.7.0"
    "@firebase/logger" "0.5.0"
    "@firebase/util" "1.13.0"
    tslib "^2.1.0"

"@firebase/database-compat@2.1.0":
  version "2.1.0"
  resolved "https://registry.yarnpkg.com/@firebase/database-compat/-/database-compat-2.1.0.tgz#c64488d741c6da2ed8dcf02f2e433089dae2f590"
  integrity sha512-8nYc43RqxScsePVd1qe1xxvWNf0OBnbwHxmXJ7MHSuuTVYFO3eLyLW3PiCKJ9fHnmIz4p4LbieXwz+qtr9PZDg==
  dependencies:
    "@firebase/component" "0.7.0"
    "@firebase/database" "1.1.0"
    "@firebase/database-types" "1.0.16"
    "@firebase/logger" "0.5.0"
    "@firebase/util" "1.13.0"
    tslib "^2.1.0"

"@firebase/database-types@1.0.16":
  version "1.0.16"
  resolved "https://registry.yarnpkg.com/@firebase/database-types/-/database-types-1.0.16.tgz#262f54b8dbebbc46259757b3ba384224fb2ede48"
  integrity sha512-xkQLQfU5De7+SPhEGAXFBnDryUWhhlFXelEg2YeZOQMCdoe7dL64DDAd77SQsR+6uoXIZY5MB4y/inCs4GTfcw==
  dependencies:
    "@firebase/app-types" "0.9.3"
    "@firebase/util" "1.13.0"

"@firebase/database@1.1.0":
  version "1.1.0"
  resolved "https://registry.yarnpkg.com/@firebase/database/-/database-1.1.0.tgz#bdf60f1605079a87ceb2b5e30d90846e0bde294b"
  integrity sha512-gM6MJFae3pTyNLoc9VcJNuaUDej0ctdjn3cVtILo3D5lpp0dmUHHLFN/pUKe7ImyeB1KAvRlEYxvIHNF04Filg==
  dependencies:
    "@firebase/app-check-interop-types" "0.3.3"
    "@firebase/auth-interop-types" "0.2.4"
    "@firebase/component" "0.7.0"
    "@firebase/logger" "0.5.0"
    "@firebase/util" "1.13.0"
    faye-websocket "0.11.4"
    tslib "^2.1.0"

"@firebase/firestore-compat@0.4.2":
  version "0.4.2"
  resolved "https://registry.yarnpkg.com/@firebase/firestore-compat/-/firestore-compat-0.4.2.tgz#2c9f5bef1dff004ae2db5759608f17d7973da78c"
  integrity sha512-cy7ov6SpFBx+PHwFdOOjbI7kH00uNKmIFurAn560WiPCZXy9EMnil1SOG7VF4hHZKdenC+AHtL4r3fNpirpm0w==
  dependencies:
    "@firebase/component" "0.7.0"
    "@firebase/firestore" "4.9.2"
    "@firebase/firestore-types" "3.0.3"
    "@firebase/util" "1.13.0"
    tslib "^2.1.0"

"@firebase/firestore-types@3.0.3":
  version "3.0.3"
  resolved "https://registry.yarnpkg.com/@firebase/firestore-types/-/firestore-types-3.0.3.tgz#7d0c3dd8850c0193d8f5ee0cc8f11961407742c1"
  integrity sha512-hD2jGdiWRxB/eZWF89xcK9gF8wvENDJkzpVFb4aGkzfEaKxVRD1kjz1t1Wj8VZEp2LCB53Yx1zD8mrhQu87R6Q==

"@firebase/firestore@4.9.2":
  version "4.9.2"
  resolved "https://registry.yarnpkg.com/@firebase/firestore/-/firestore-4.9.2.tgz#0c65203f9754d5aa801ec31c6f885445cfb346f4"
  integrity sha512-iuA5+nVr/IV/Thm0Luoqf2mERUvK9g791FZpUJV1ZGXO6RL2/i/WFJUj5ZTVXy5pRjpWYO+ZzPcReNrlilmztA==
  dependencies:
    "@firebase/component" "0.7.0"
    "@firebase/logger" "0.5.0"
    "@firebase/util" "1.13.0"
    "@firebase/webchannel-wrapper" "1.0.5"
    "@grpc/grpc-js" "~1.9.0"
    "@grpc/proto-loader" "^0.7.8"
    tslib "^2.1.0"

"@firebase/functions-compat@0.4.1":
  version "0.4.1"
  resolved "https://registry.yarnpkg.com/@firebase/functions-compat/-/functions-compat-0.4.1.tgz#b253b761845f0c82bbdf76ef59975978ed84eb65"
  integrity sha512-AxxUBXKuPrWaVNQ8o1cG1GaCAtXT8a0eaTDfqgS5VsRYLAR0ALcfqDLwo/QyijZj1w8Qf8n3Qrfy/+Im245hOQ==
  dependencies:
    "@firebase/component" "0.7.0"
    "@firebase/functions" "0.13.1"
    "@firebase/functions-types" "0.6.3"
    "@firebase/util" "1.13.0"
    tslib "^2.1.0"

"@firebase/functions-types@0.6.3":
  version "0.6.3"
  resolved "https://registry.yarnpkg.com/@firebase/functions-types/-/functions-types-0.6.3.tgz#f5faf770248b13f45d256f614230da6a11bfb654"
  integrity sha512-EZoDKQLUHFKNx6VLipQwrSMh01A1SaL3Wg6Hpi//x6/fJ6Ee4hrAeswK99I5Ht8roiniKHw4iO0B1Oxj5I4plg==

"@firebase/functions@0.13.1":
  version "0.13.1"
  resolved "https://registry.yarnpkg.com/@firebase/functions/-/functions-0.13.1.tgz#472e8456568689154b87a494ee8c10ee2e610d94"
  integrity sha512-sUeWSb0rw5T+6wuV2o9XNmh9yHxjFI9zVGFnjFi+n7drTEWpl7ZTz1nROgGrSu472r+LAaj+2YaSicD4R8wfbw==
  dependencies:
    "@firebase/app-check-interop-types" "0.3.3"
    "@firebase/auth-interop-types" "0.2.4"
    "@firebase/component" "0.7.0"
    "@firebase/messaging-interop-types" "0.2.3"
    "@firebase/util" "1.13.0"
    tslib "^2.1.0"

"@firebase/installations-compat@0.2.19":
  version "0.2.19"
  resolved "https://registry.yarnpkg.com/@firebase/installations-compat/-/installations-compat-0.2.19.tgz#4bc57c8c57d241eeca95900ff3033d6ec3dbcc7c"
  integrity sha512-khfzIY3EI5LePePo7vT19/VEIH1E3iYsHknI/6ek9T8QCozAZshWT9CjlwOzZrKvTHMeNcbpo/VSOSIWDSjWdQ==
  dependencies:
    "@firebase/component" "0.7.0"
    "@firebase/installations" "0.6.19"
    "@firebase/installations-types" "0.5.3"
    "@firebase/util" "1.13.0"
    tslib "^2.1.0"

"@firebase/installations-types@0.5.3":
  version "0.5.3"
  resolved "https://registry.yarnpkg.com/@firebase/installations-types/-/installations-types-0.5.3.tgz#cac8a14dd49f09174da9df8ae453f9b359c3ef2f"
  integrity sha512-2FJI7gkLqIE0iYsNQ1P751lO3hER+Umykel+TkLwHj6plzWVxqvfclPUZhcKFVQObqloEBTmpi2Ozn7EkCABAA==

"@firebase/installations@0.6.19":
  version "0.6.19"
  resolved "https://registry.yarnpkg.com/@firebase/installations/-/installations-0.6.19.tgz#93c569321f6fb399f4f1a197efc0053ce6452c7c"
  integrity sha512-nGDmiwKLI1lerhwfwSHvMR9RZuIH5/8E3kgUWnVRqqL7kGVSktjLTWEMva7oh5yxQ3zXfIlIwJwMcaM5bK5j8Q==
  dependencies:
    "@firebase/component" "0.7.0"
    "@firebase/util" "1.13.0"
    idb "7.1.1"
    tslib "^2.1.0"

"@firebase/logger@0.5.0":
  version "0.5.0"
  resolved "https://registry.yarnpkg.com/@firebase/logger/-/logger-0.5.0.tgz#a9e55b1c669a0983dc67127fa4a5964ce8ed5e1b"
  integrity sha512-cGskaAvkrnh42b3BA3doDWeBmuHFO/Mx5A83rbRDYakPjO9bJtRL3dX7javzc2Rr/JHZf4HlterTW2lUkfeN4g==
  dependencies:
    tslib "^2.1.0"

"@firebase/messaging-compat@0.2.23":
  version "0.2.23"
  resolved "https://registry.yarnpkg.com/@firebase/messaging-compat/-/messaging-compat-0.2.23.tgz#2ca6b36ea238fae4dff53bf85442c4a2af516224"
  integrity sha512-SN857v/kBUvlQ9X/UjAqBoQ2FEaL1ZozpnmL1ByTe57iXkmnVVFm9KqAsTfmf+OEwWI4kJJe9NObtN/w22lUgg==
  dependencies:
    "@firebase/component" "0.7.0"
    "@firebase/messaging" "0.12.23"
    "@firebase/util" "1.13.0"
    tslib "^2.1.0"

"@firebase/messaging-interop-types@0.2.3":
  version "0.2.3"
  resolved "https://registry.yarnpkg.com/@firebase/messaging-interop-types/-/messaging-interop-types-0.2.3.tgz#e647c9cd1beecfe6a6e82018a6eec37555e4da3e"
  integrity sha512-xfzFaJpzcmtDjycpDeCUj0Ge10ATFi/VHVIvEEjDNc3hodVBQADZ7BWQU7CuFpjSHE+eLuBI13z5F/9xOoGX8Q==

"@firebase/messaging@0.12.23":
  version "0.12.23"
  resolved "https://registry.yarnpkg.com/@firebase/messaging/-/messaging-0.12.23.tgz#71f932a521ac39d9f036175672e37897531010eb"
  integrity sha512-cfuzv47XxqW4HH/OcR5rM+AlQd1xL/VhuaeW/wzMW1LFrsFcTn0GND/hak1vkQc2th8UisBcrkVcQAnOnKwYxg==
  dependencies:
    "@firebase/component" "0.7.0"
    "@firebase/installations" "0.6.19"
    "@firebase/messaging-interop-types" "0.2.3"
    "@firebase/util" "1.13.0"
    idb "7.1.1"
    tslib "^2.1.0"

"@firebase/performance-compat@0.2.22":
  version "0.2.22"
  resolved "https://registry.yarnpkg.com/@firebase/performance-compat/-/performance-compat-0.2.22.tgz#1c24ea360b03cfef831bdf379b4fc7080f412741"
  integrity sha512-xLKxaSAl/FVi10wDX/CHIYEUP13jXUjinL+UaNXT9ByIvxII5Ne5150mx6IgM8G6Q3V+sPiw9C8/kygkyHUVxg==
  dependencies:
    "@firebase/component" "0.7.0"
    "@firebase/logger" "0.5.0"
    "@firebase/performance" "0.7.9"
    "@firebase/performance-types" "0.2.3"
    "@firebase/util" "1.13.0"
    tslib "^2.1.0"

"@firebase/performance-types@0.2.3":
  version "0.2.3"
  resolved "https://registry.yarnpkg.com/@firebase/performance-types/-/performance-types-0.2.3.tgz#5ce64e90fa20ab5561f8b62a305010cf9fab86fb"
  integrity sha512-IgkyTz6QZVPAq8GSkLYJvwSLr3LS9+V6vNPQr0x4YozZJiLF5jYixj0amDtATf1X0EtYHqoPO48a9ija8GocxQ==

"@firebase/performance@0.7.9":
  version "0.7.9"
  resolved "https://registry.yarnpkg.com/@firebase/performance/-/performance-0.7.9.tgz#7e3a072b1542f0df3f502684a38a0516b0d72cab"
  integrity sha512-UzybENl1EdM2I1sjYm74xGt/0JzRnU/0VmfMAKo2LSpHJzaj77FCLZXmYQ4oOuE+Pxtt8Wy2BVJEENiZkaZAzQ==
  dependencies:
    "@firebase/component" "0.7.0"
    "@firebase/installations" "0.6.19"
    "@firebase/logger" "0.5.0"
    "@firebase/util" "1.13.0"
    tslib "^2.1.0"
    web-vitals "^4.2.4"

"@firebase/remote-config-compat@0.2.20":
  version "0.2.20"
  resolved "https://registry.yarnpkg.com/@firebase/remote-config-compat/-/remote-config-compat-0.2.20.tgz#4bca09b1361867d0c882411970486ee06622e071"
  integrity sha512-P/ULS9vU35EL9maG7xp66uljkZgcPMQOxLj3Zx2F289baTKSInE6+YIkgHEi1TwHoddC/AFePXPpshPlEFkbgg==
  dependencies:
    "@firebase/component" "0.7.0"
    "@firebase/logger" "0.5.0"
    "@firebase/remote-config" "0.7.0"
    "@firebase/remote-config-types" "0.5.0"
    "@firebase/util" "1.13.0"
    tslib "^2.1.0"

"@firebase/remote-config-types@0.5.0":
  version "0.5.0"
  resolved "https://registry.yarnpkg.com/@firebase/remote-config-types/-/remote-config-types-0.5.0.tgz#f0f503b32edda3384f5252f9900cd9613adbb99c"
  integrity sha512-vI3bqLoF14L/GchtgayMiFpZJF+Ao3uR8WCde0XpYNkSokDpAKca2DxvcfeZv7lZUqkUwQPL2wD83d3vQ4vvrg==

"@firebase/remote-config@0.7.0":
  version "0.7.0"
  resolved "https://registry.yarnpkg.com/@firebase/remote-config/-/remote-config-0.7.0.tgz#0e5e5879a7a9121c9da55606be8fa40ff70ddae1"
  integrity sha512-dX95X6WlW7QlgNd7aaGdjAIZUiQkgWgNS+aKNu4Wv92H1T8Ue/NDUjZHd9xb8fHxLXIHNZeco9/qbZzr500MjQ==
  dependencies:
    "@firebase/component" "0.7.0"
    "@firebase/installations" "0.6.19"
    "@firebase/logger" "0.5.0"
    "@firebase/util" "1.13.0"
    tslib "^2.1.0"

"@firebase/storage-compat@0.4.0":
  version "0.4.0"
  resolved "https://registry.yarnpkg.com/@firebase/storage-compat/-/storage-compat-0.4.0.tgz#a09bd33c262123e7e3ed0cd590b4c6e2ce4a8902"
  integrity sha512-vDzhgGczr1OfcOy285YAPur5pWDEvD67w4thyeCUh6Ys0izN9fNYtA1MJERmNBfqjqu0lg0FM5GLbw0Il21M+g==
  dependencies:
    "@firebase/component" "0.7.0"
    "@firebase/storage" "0.14.0"
    "@firebase/storage-types" "0.8.3"
    "@firebase/util" "1.13.0"
    tslib "^2.1.0"

"@firebase/storage-types@0.8.3":
  version "0.8.3"
  resolved "https://registry.yarnpkg.com/@firebase/storage-types/-/storage-types-0.8.3.tgz#2531ef593a3452fc12c59117195d6485c6632d3d"
  integrity sha512-+Muk7g9uwngTpd8xn9OdF/D48uiQ7I1Fae7ULsWPuKoCH3HU7bfFPhxtJYzyhjdniowhuDpQcfPmuNRAqZEfvg==

"@firebase/storage@0.14.0":
  version "0.14.0"
  resolved "https://registry.yarnpkg.com/@firebase/storage/-/storage-0.14.0.tgz#01acb97d413ada7c91de860fb260623468baa25d"
  integrity sha512-xWWbb15o6/pWEw8H01UQ1dC5U3rf8QTAzOChYyCpafV6Xki7KVp3Yaw2nSklUwHEziSWE9KoZJS7iYeyqWnYFA==
  dependencies:
    "@firebase/component" "0.7.0"
    "@firebase/util" "1.13.0"
    tslib "^2.1.0"

"@firebase/util@1.13.0":
  version "1.13.0"
  resolved "https://registry.yarnpkg.com/@firebase/util/-/util-1.13.0.tgz#2e9e7569722a1e3fc86b1b4076d5cbfbfa7265d6"
  integrity sha512-0AZUyYUfpMNcztR5l09izHwXkZpghLgCUaAGjtMwXnCg3bj4ml5VgiwqOMOxJ+Nw4qN/zJAaOQBcJ7KGkWStqQ==
  dependencies:
    tslib "^2.1.0"

"@firebase/webchannel-wrapper@1.0.5":
  version "1.0.5"
  resolved "https://registry.yarnpkg.com/@firebase/webchannel-wrapper/-/webchannel-wrapper-1.0.5.tgz#39cf5a600450cb42f1f0b507cc385459bf103b27"
  integrity sha512-+uGNN7rkfn41HLO0vekTFhTxk61eKa8mTpRGLO0QSqlQdKvIoGAvLp3ppdVIWbTGYJWM6Kp0iN+PjMIOcnVqTw==

"@grpc/grpc-js@~1.9.0":
  version "1.9.15"
  resolved "https://registry.yarnpkg.com/@grpc/grpc-js/-/grpc-js-1.9.15.tgz#433d7ac19b1754af690ea650ab72190bd700739b"
  integrity sha512-nqE7Hc0AzI+euzUwDAy0aY5hCp10r734gMGRdU+qOPX0XSceI2ULrcXB5U2xSc5VkWwalCj4M7GzCAygZl2KoQ==
  dependencies:
    "@grpc/proto-loader" "^0.7.8"
    "@types/node" ">=12.12.47"

"@grpc/proto-loader@^0.7.8":
  version "0.7.15"
  resolved "https://registry.yarnpkg.com/@grpc/proto-loader/-/proto-loader-0.7.15.tgz#4cdfbf35a35461fc843abe8b9e2c0770b5095e60"
  integrity sha512-tMXdRCfYVixjuFK+Hk0Q1s38gV9zDiDJfWL3h1rv4Qc39oILCu1TRTDt7+fGUI8K4G1Fj125Hx/ru3azECWTyQ==
  dependencies:
    lodash.camelcase "^4.3.0"
    long "^5.0.0"
    protobufjs "^7.2.5"
    yargs "^17.7.2"

"@next/env@14.2.33":
  version "14.2.33"
  resolved "https://registry.yarnpkg.com/@next/env/-/env-14.2.33.tgz#ac87a781fd485b740f3f9bd94efc02cb9826f694"
  integrity sha512-CgVHNZ1fRIlxkLhIX22flAZI/HmpDaZ8vwyJ/B0SDPTBuLZ1PJ+DWMjCHhqnExfmSQzA/PbZi8OAc7PAq2w9IA==

"@next/swc-darwin-arm64@14.2.33":
  version "14.2.33"
  resolved "https://registry.yarnpkg.com/@next/swc-darwin-arm64/-/swc-darwin-arm64-14.2.33.tgz#9e74a4223f1e5e39ca4f9f85709e0d95b869b298"
  integrity sha512-HqYnb6pxlsshoSTubdXKu15g3iivcbsMXg4bYpjL2iS/V6aQot+iyF4BUc2qA/J/n55YtvE4PHMKWBKGCF/+wA==

"@next/swc-darwin-x64@14.2.33":
  version "14.2.33"
  resolved "https://registry.yarnpkg.com/@next/swc-darwin-x64/-/swc-darwin-x64-14.2.33.tgz#fcf0c45938da9b0cc2ec86357d6aefca90bd17f3"
  integrity sha512-8HGBeAE5rX3jzKvF593XTTFg3gxeU4f+UWnswa6JPhzaR6+zblO5+fjltJWIZc4aUalqTclvN2QtTC37LxvZAA==

"@next/swc-linux-arm64-gnu@14.2.33":
  version "14.2.33"
  resolved "https://registry.yarnpkg.com/@next/swc-linux-arm64-gnu/-/swc-linux-arm64-gnu-14.2.33.tgz#837f91a740eb4420c06f34c4677645315479d9be"
  integrity sha512-JXMBka6lNNmqbkvcTtaX8Gu5by9547bukHQvPoLe9VRBx1gHwzf5tdt4AaezW85HAB3pikcvyqBToRTDA4DeLw==

"@next/swc-linux-arm64-musl@14.2.33":
  version "14.2.33"
  resolved "https://registry.yarnpkg.com/@next/swc-linux-arm64-musl/-/swc-linux-arm64-musl-14.2.33.tgz#dc8903469e5c887b25e3c2217a048bd30c58d3d4"
  integrity sha512-Bm+QulsAItD/x6Ih8wGIMfRJy4G73tu1HJsrccPW6AfqdZd0Sfm5Imhgkgq2+kly065rYMnCOxTBvmvFY1BKfg==

"@next/swc-linux-x64-gnu@14.2.33":
  version "14.2.33"
  resolved "https://registry.yarnpkg.com/@next/swc-linux-x64-gnu/-/swc-linux-x64-gnu-14.2.33.tgz#344438be592b6b28cc540194274561e41f9933e5"
  integrity sha512-FnFn+ZBgsVMbGDsTqo8zsnRzydvsGV8vfiWwUo1LD8FTmPTdV+otGSWKc4LJec0oSexFnCYVO4hX8P8qQKaSlg==

"@next/swc-linux-x64-musl@14.2.33":
  version "14.2.33"
  resolved "https://registry.yarnpkg.com/@next/swc-linux-x64-musl/-/swc-linux-x64-musl-14.2.33.tgz#3379fad5e0181000b2a4fac0b80f7ca4ffe795c8"
  integrity sha512-345tsIWMzoXaQndUTDv1qypDRiebFxGYx9pYkhwY4hBRaOLt8UGfiWKr9FSSHs25dFIf8ZqIFaPdy5MljdoawA==

"@next/swc-win32-arm64-msvc@14.2.33":
  version "14.2.33"
  resolved "https://registry.yarnpkg.com/@next/swc-win32-arm64-msvc/-/swc-win32-arm64-msvc-14.2.33.tgz#bca8f4dde34656aef8e99f1e5696de255c2f00e5"
  integrity sha512-nscpt0G6UCTkrT2ppnJnFsYbPDQwmum4GNXYTeoTIdsmMydSKFz9Iny2jpaRupTb+Wl298+Rh82WKzt9LCcqSQ==

"@next/swc-win32-ia32-msvc@14.2.33":
  version "14.2.33"
  resolved "https://registry.yarnpkg.com/@next/swc-win32-ia32-msvc/-/swc-win32-ia32-msvc-14.2.33.tgz#a69c581483ea51dd3b8907ce33bb101fe07ec1df"
  integrity sha512-pc9LpGNKhJ0dXQhZ5QMmYxtARwwmWLpeocFmVG5Z0DzWq5Uf0izcI8tLc+qOpqxO1PWqZ5A7J1blrUIKrIFc7Q==

"@next/swc-win32-x64-msvc@14.2.33":
  version "14.2.33"
  resolved "https://registry.yarnpkg.com/@next/swc-win32-x64-msvc/-/swc-win32-x64-msvc-14.2.33.tgz#f1a40062530c17c35a86d8c430b3ae465eb7cea1"
  integrity sha512-nOjfZMy8B94MdisuzZo9/57xuFVLHJaDj5e/xrduJp9CV2/HrfxTRH2fbyLe+K9QT41WBLUd4iXX3R7jBp0EUg==

"@protobufjs/aspromise@^1.1.1", "@protobufjs/aspromise@^1.1.2":
  version "1.1.2"
  resolved "https://registry.yarnpkg.com/@protobufjs/aspromise/-/aspromise-1.1.2.tgz#9b8b0cc663d669a7d8f6f5d0893a14d348f30fbf"
  integrity sha512-j+gKExEuLmKwvz3OgROXtrJ2UG2x8Ch2YZUxahh+s1F2HZ+wAceUNLkvy6zKCPVRkU++ZWQrdxsUeQXmcg4uoQ==

"@protobufjs/base64@^1.1.2":
  version "1.1.2"
  resolved "https://registry.yarnpkg.com/@protobufjs/base64/-/base64-1.1.2.tgz#4c85730e59b9a1f1f349047dbf24296034bb2735"
  integrity sha512-AZkcAA5vnN/v4PDqKyMR5lx7hZttPDgClv83E//FMNhR2TMcLUhfRUBHCmSl0oi9zMgDDqRUJkSxO3wm85+XLg==

"@protobufjs/codegen@^2.0.4":
  version "2.0.4"
  resolved "https://registry.yarnpkg.com/@protobufjs/codegen/-/codegen-2.0.4.tgz#7ef37f0d010fb028ad1ad59722e506d9262815cb"
  integrity sha512-YyFaikqM5sH0ziFZCN3xDC7zeGaB/d0IUb9CATugHWbd1FRFwWwt4ld4OYMPWu5a3Xe01mGAULCdqhMlPl29Jg==

"@protobufjs/eventemitter@^1.1.0":
  version "1.1.0"
  resolved "https://registry.yarnpkg.com/@protobufjs/eventemitter/-/eventemitter-1.1.0.tgz#355cbc98bafad5978f9ed095f397621f1d066b70"
  integrity sha512-j9ednRT81vYJ9OfVuXG6ERSTdEL1xVsNgqpkxMsbIabzSo3goCjDIveeGv5d03om39ML71RdmrGNjG5SReBP/Q==

"@protobufjs/fetch@^1.1.0":
  version "1.1.0"
  resolved "https://registry.yarnpkg.com/@protobufjs/fetch/-/fetch-1.1.0.tgz#ba99fb598614af65700c1619ff06d454b0d84c45"
  integrity sha512-lljVXpqXebpsijW71PZaCYeIcE5on1w5DlQy5WH6GLbFryLUrBD4932W/E2BSpfRJWseIL4v/KPgBFxDOIdKpQ==
  dependencies:
    "@protobufjs/aspromise" "^1.1.1"
    "@protobufjs/inquire" "^1.1.0"

"@protobufjs/float@^1.0.2":
  version "1.0.2"
  resolved "https://registry.yarnpkg.com/@protobufjs/float/-/float-1.0.2.tgz#5e9e1abdcb73fc0a7cb8b291df78c8cbd97b87d1"
  integrity sha512-Ddb+kVXlXst9d+R9PfTIxh1EdNkgoRe5tOX6t01f1lYWOvJnSPDBlG241QLzcyPdoNTsblLUdujGSE4RzrTZGQ==

"@protobufjs/inquire@^1.1.0":
  version "1.1.0"
  resolved "https://registry.yarnpkg.com/@protobufjs/inquire/-/inquire-1.1.0.tgz#ff200e3e7cf2429e2dcafc1140828e8cc638f089"
  integrity sha512-kdSefcPdruJiFMVSbn801t4vFK7KB/5gd2fYvrxhuJYg8ILrmn9SKSX2tZdV6V+ksulWqS7aXjBcRXl3wHoD9Q==

"@protobufjs/path@^1.1.2":
  version "1.1.2"
  resolved "https://registry.yarnpkg.com/@protobufjs/path/-/path-1.1.2.tgz#6cc2b20c5c9ad6ad0dccfd21ca7673d8d7fbf68d"
  integrity sha512-6JOcJ5Tm08dOHAbdR3GrvP+yUUfkjG5ePsHYczMFLq3ZmMkAD98cDgcT2iA1lJ9NVwFd4tH/iSSoe44YWkltEA==

"@protobufjs/pool@^1.1.0":
  version "1.1.0"
  resolved "https://registry.yarnpkg.com/@protobufjs/pool/-/pool-1.1.0.tgz#09fd15f2d6d3abfa9b65bc366506d6ad7846ff54"
  integrity sha512-0kELaGSIDBKvcgS4zkjz1PeddatrjYcmMWOlAuAPwAeccUrPHdUqo/J6LiymHHEiJT5NrF1UVwxY14f+fy4WQw==

"@protobufjs/utf8@^1.1.0":
  version "1.1.0"
  resolved "https://registry.yarnpkg.com/@protobufjs/utf8/-/utf8-1.1.0.tgz#a777360b5b39a1a2e5106f8e858f2fd2d060c570"
  integrity sha512-Vvn3zZrhQZkkBE8LSuW3em98c0FwgO4nxzv6OdSxPKJIEKY2bGbHn+mhGIPerzI4twdxaP8/0+06HBpwf345Lw==

"@swc/counter@^0.1.3":
  version "0.1.3"
  resolved "https://registry.yarnpkg.com/@swc/counter/-/counter-0.1.3.tgz#cc7463bd02949611c6329596fccd2b0ec782b0e9"
  integrity sha512-e2BR4lsJkkRlKZ/qCHPw9ZaSxc0MVUd7gtbtaB7aMvHeJVYe8sOB8DBZkP2DtISHGSku9sCK6T6cnY0CtXrOCQ==

"@swc/helpers@0.5.5":
  version "0.5.5"
  resolved "https://registry.yarnpkg.com/@swc/helpers/-/helpers-0.5.5.tgz#12689df71bfc9b21c4f4ca00ae55f2f16c8b77c0"
  integrity sha512-KGYxvIOXcceOAbEk4bi/dVLEK9z8sZ0uBB3Il5b1rhfClSpcX0yfRO0KmTkqR2cnQDymwLB+25ZyMzICg/cm/A==
  dependencies:
    "@swc/counter" "^0.1.3"
    tslib "^2.4.0"

"@types/node@>=12.12.47", "@types/node@>=13.7.0", "@types/node@^24.6.2":
  version "24.6.2"
  resolved "https://registry.yarnpkg.com/@types/node/-/node-24.6.2.tgz#59b99878b6fed17e698e7d09e51c729c5877736a"
  integrity sha512-d2L25Y4j+W3ZlNAeMKcy7yDsK425ibcAOO2t7aPTz6gNMH0z2GThtwENCDc0d/Pw9wgyRqE5Px1wkV7naz8ang==
  dependencies:
    undici-types "~7.13.0"

"@types/react-dom@^19.2.0":
  version "19.2.0"
  resolved "https://registry.yarnpkg.com/@types/react-dom/-/react-dom-19.2.0.tgz#97ebfc8400702db00d1177b06ade6720dda641c1"
  integrity sha512-brtBs0MnE9SMx7px208g39lRmC5uHZs96caOJfTjFcYSLHNamvaSMfJNagChVNkup2SdtOxKX1FDBkRSJe1ZAg==

"@types/react@^19.2.0":
  version "19.2.0"
  resolved "https://registry.yarnpkg.com/@types/react/-/react-19.2.0.tgz#8412946e7e1efb0de9bb59b3aa87676d96add385"
  integrity sha512-1LOH8xovvsKsCBq1wnT4ntDUdCJKmnEakhsuoUSy6ExlHCkGP2hqnatagYTgFk6oeL0VU31u7SNjunPN+GchtA==
  dependencies:
    csstype "^3.0.2"

ansi-regex@^5.0.1:
  version "5.0.1"
  resolved "https://registry.yarnpkg.com/ansi-regex/-/ansi-regex-5.0.1.tgz#082cb2c89c9fe8659a311a53bd6a4dc5301db304"
  integrity sha512-quJQXlTSUGL2LH9SUXo8VwsY4soanhgo6LNSm84E1LBcE8s3O0wpdiRzyR9z/ZZJMlMWv37qOOb9pdJlMUEKFQ==

ansi-styles@^4.0.0:
  version "4.3.0"
  resolved "https://registry.yarnpkg.com/ansi-styles/-/ansi-styles-4.3.0.tgz#edd803628ae71c04c85ae7a0906edad34b648937"
  integrity sha512-zbB9rCJAT1rbjiVDb2hqKFHNYLxgtk8NURxZ3IZwD3F6NtxbXZQCnnSi1Lkx+IDohdPlFp222wVALIheZJQSEg==
  dependencies:
    color-convert "^2.0.1"

busboy@1.6.0:
  version "1.6.0"
  resolved "https://registry.yarnpkg.com/busboy/-/busboy-1.6.0.tgz#966ea36a9502e43cdb9146962523b92f531f6893"
  integrity sha512-8SFQbg/0hQ9xy3UNTB0YEnsNBbWfhf7RtnzpL7TkBiTBRfrQ9Fxcnz7VJsleJpyp6rVLvXiuORqjlHi5q+PYuA==
  dependencies:
    streamsearch "^1.1.0"

caniuse-lite@^1.0.30001579:
  version "1.0.30001746"
  resolved "https://registry.yarnpkg.com/caniuse-lite/-/caniuse-lite-1.0.30001746.tgz#199d20f04f5369825e00ff7067d45d5dfa03aee7"
  integrity sha512-eA7Ys/DGw+pnkWWSE/id29f2IcPHVoE8wxtvE5JdvD2V28VTDPy1yEeo11Guz0sJ4ZeGRcm3uaTcAqK1LXaphA==

client-only@0.0.1:
  version "0.0.1"
  resolved "https://registry.yarnpkg.com/client-only/-/client-only-0.0.1.tgz#38bba5d403c41ab150bff64a95c85013cf73bca1"
  integrity sha512-IV3Ou0jSMzZrd3pZ48nLkT9DA7Ag1pnPzaiQhpW7c3RbcqqzvzzVu+L8gfqMp/8IM2MQtSiqaCxrrcfu8I8rMA==

cliui@^8.0.1:
  version "8.0.1"
  resolved "https://registry.yarnpkg.com/cliui/-/cliui-8.0.1.tgz#0c04b075db02cbfe60dc8e6cf2f5486b1a3608aa"
  integrity sha512-BSeNnyus75C4//NQ9gQt1/csTXyo/8Sb+afLAkzAptFuMsod9HFokGNudZpi/oQV73hnVK+sR+5PVRMd+Dr7YQ==
  dependencies:
    string-width "^4.2.0"
    strip-ansi "^6.0.1"
    wrap-ansi "^7.0.0"

color-convert@^2.0.1:
  version "2.0.1"
  resolved "https://registry.yarnpkg.com/color-convert/-/color-convert-2.0.1.tgz#72d3a68d598c9bdb3af2ad1e84f21d896abd4de3"
  integrity sha512-RRECPsj7iu/xb5oKYcsFHSppFNnsj/52OVTRKb4zP5onXwVF3zVmmToNcOfGC+CRDpfK/U584fMg38ZHCaElKQ==
  dependencies:
    color-name "~1.1.4"

color-name@~1.1.4:
  version "1.1.4"
  resolved "https://registry.yarnpkg.com/color-name/-/color-name-1.1.4.tgz#c2a09a87acbde69543de6f63fa3995c826c536a2"
  integrity sha512-dOy+3AuW3a2wNbZHIuMZpTcgjGuLU/uBL/ubcZF9OXbDo8ff4O8yVp5Bf0efS8uEoYo5q4Fx7dY9OgQGXgAsQA==

csstype@^3.0.2:
  version "3.1.3"
  resolved "https://registry.yarnpkg.com/csstype/-/csstype-3.1.3.tgz#d80ff294d114fb0e6ac500fbf85b60137d7eff81"
  integrity sha512-M1uQkMl8rQK/szD0LNhtqxIPLpimGm8sOBwU7lLnCpSbTyY3yeU1Vc7l4KT5zT4s/yOxHH5O7tIuuLOCnLADRw==

emoji-regex@^8.0.0:
  version "8.0.0"
  resolved "https://registry.yarnpkg.com/emoji-regex/-/emoji-regex-8.0.0.tgz#e818fd69ce5ccfcb404594f842963bf53164cc37"
  integrity sha512-MSjYzcWNOA0ewAHpz0MxpYFvwg6yjy1NG3xteoqz644VCo/RPgnr1/GGt+ic3iJTzQ8Eu3TdM14SawnVUmGE6A==

escalade@^3.1.1:
  version "3.2.0"
  resolved "https://registry.yarnpkg.com/escalade/-/escalade-3.2.0.tgz#011a3f69856ba189dffa7dc8fcce99d2a87903e5"
  integrity sha512-WUj2qlxaQtO4g6Pq5c29GTcWGDyd8itL8zTlipgECz3JesAiiOKotd8JU6otB3PACgG6xkJUyVhboMS+bje/jA==

faye-websocket@0.11.4:
  version "0.11.4"
  resolved "https://registry.yarnpkg.com/faye-websocket/-/faye-websocket-0.11.4.tgz#7f0d9275cfdd86a1c963dc8b65fcc451edcbb1da"
  integrity sha512-CzbClwlXAuiRQAlUyfqPgvPoNKTckTPGfwZV4ZdAhVcP2lh9KUxJg2b5GkE7XbjKQ3YJnQ9z6D9ntLAlB+tP8g==
  dependencies:
    websocket-driver ">=0.5.1"

firebase@^12.3.0:
  version "12.3.0"
  resolved "https://registry.yarnpkg.com/firebase/-/firebase-12.3.0.tgz#fc24c1c91d4001e747c3b3dd452e250c4aa862ff"
  integrity sha512-/JVja0IDO8zPETGv4TvvBwo7RwcQFz+RQ3JBETNtUSeqsDdI9G7fhRTkCy1sPKnLzW0xpm/kL8GOj6ncndTT3g==
  dependencies:
    "@firebase/ai" "2.3.0"
    "@firebase/analytics" "0.10.18"
    "@firebase/analytics-compat" "0.2.24"
    "@firebase/app" "0.14.3"
    "@firebase/app-check" "0.11.0"
    "@firebase/app-check-compat" "0.4.0"
    "@firebase/app-compat" "0.5.3"
    "@firebase/app-types" "0.9.3"
    "@firebase/auth" "1.11.0"
    "@firebase/auth-compat" "0.6.0"
    "@firebase/data-connect" "0.3.11"
    "@firebase/database" "1.1.0"
    "@firebase/database-compat" "2.1.0"
    "@firebase/firestore" "4.9.2"
    "@firebase/firestore-compat" "0.4.2"
    "@firebase/functions" "0.13.1"
    "@firebase/functions-compat" "0.4.1"
    "@firebase/installations" "0.6.19"
    "@firebase/installations-compat" "0.2.19"
    "@firebase/messaging" "0.12.23"
    "@firebase/messaging-compat" "0.2.23"
    "@firebase/performance" "0.7.9"
    "@firebase/performance-compat" "0.2.22"
    "@firebase/remote-config" "0.7.0"
    "@firebase/remote-config-compat" "0.2.20"
    "@firebase/storage" "0.14.0"
    "@firebase/storage-compat" "0.4.0"
    "@firebase/util" "1.13.0"

get-caller-file@^2.0.5:
  version "2.0.5"
  resolved "https://registry.yarnpkg.com/get-caller-file/-/get-caller-file-2.0.5.tgz#4f94412a82db32f36e3b0b9741f8a97feb031f7e"
  integrity sha512-DyFP3BM/3YHTQOCUL/w0OZHR0lpKeGrxotcHWcqNEdnltqFwXVfhEBQ94eIo34AfQpo0rGki4cyIiftY06h2Fg==

graceful-fs@^4.2.11:
  version "4.2.11"
  resolved "https://registry.yarnpkg.com/graceful-fs/-/graceful-fs-4.2.11.tgz#4183e4e8bf08bb6e05bbb2f7d2e0c8f712ca40e3"
  integrity sha512-RbJ5/jmFcNNCcDV5o9eTnBLJ/HszWV0P73bc+Ff4nS/rJj+YaS6IGyiOL0VoBYX+l1Wrl3k63h/KrH+nhJ0XvQ==

http-parser-js@>=0.5.1:
  version "0.5.10"
  resolved "https://registry.yarnpkg.com/http-parser-js/-/http-parser-js-0.5.10.tgz#b3277bd6d7ed5588e20ea73bf724fcbe44609075"
  integrity sha512-Pysuw9XpUq5dVc/2SMHpuTY01RFl8fttgcyunjL7eEMhGM3cI4eOmiCycJDVCo/7O7ClfQD3SaI6ftDzqOXYMA==

idb@7.1.1:
  version "7.1.1"
  resolved "https://registry.yarnpkg.com/idb/-/idb-7.1.1.tgz#d910ded866d32c7ced9befc5bfdf36f572ced72b"
  integrity sha512-gchesWBzyvGHRO9W8tzUWFDycow5gwjvFKfyV9FF32Y7F50yZMp7mP+T2mJIWFx49zicqyC4uefHM17o6xKIVQ==

is-fullwidth-code-point@^3.0.0:
  version "3.0.0"
  resolved "https://registry.yarnpkg.com/is-fullwidth-code-point/-/is-fullwidth-code-point-3.0.0.tgz#f116f8064fe90b3f7844a38997c0b75051269f1d"
  integrity sha512-zymm5+u+sCsSWyD9qNaejV3DFvhCKclKdizYaJUuHA83RLjb7nSuGnddCHGv0hk+KY7BMAlsWeK4Ueg6EV6XQg==

"js-tokens@^3.0.0 || ^4.0.0":
  version "4.0.0"
  resolved "https://registry.yarnpkg.com/js-tokens/-/js-tokens-4.0.0.tgz#19203fb59991df98e3a287050d4647cdeaf32499"
  integrity sha512-RdJUflcE3cUzKiMqQgsCu06FPu9UdIJO0beYbPhHN4k6apgJtifcoCtT9bcxOpYBtpD2kCM6Sbzg4CausW/PKQ==

lodash.camelcase@^4.3.0:
  version "4.3.0"
  resolved "https://registry.yarnpkg.com/lodash.camelcase/-/lodash.camelcase-4.3.0.tgz#b28aa6288a2b9fc651035c7711f65ab6190331a6"
  integrity sha512-TwuEnCnxbc3rAvhf/LbG7tJUDzhqXyFnv3dtzLOPgCG/hODL7WFnsbwktkD7yUV0RrreP/l1PALq/YSg6VvjlA==

long@^5.0.0:
  version "5.3.2"
  resolved "https://registry.yarnpkg.com/long/-/long-5.3.2.tgz#1d84463095999262d7d7b7f8bfd4a8cc55167f83"
  integrity sha512-mNAgZ1GmyNhD7AuqnTG3/VQ26o760+ZYBPKjPvugO8+nLbYfX6TVpJPseBvopbdY+qpZ/lKUnmEc1LeZYS3QAA==

loose-envify@^1.1.0:
  version "1.4.0"
  resolved "https://registry.yarnpkg.com/loose-envify/-/loose-envify-1.4.0.tgz#71ee51fa7be4caec1a63839f7e682d8132d30caf"
  integrity sha512-lyuxPGr/Wfhrlem2CL/UcnUc1zcqKAImBDzukY7Y5F/yQiNdko6+fRLevlw1HgMySw7f611UIY408EtxRSoK3Q==
  dependencies:
    js-tokens "^3.0.0 || ^4.0.0"

nanoid@^3.3.6:
  version "3.3.11"
  resolved "https://registry.yarnpkg.com/nanoid/-/nanoid-3.3.11.tgz#4f4f112cefbe303202f2199838128936266d185b"
  integrity sha512-N8SpfPUnUp1bK+PMYW8qSWdl9U+wwNWI4QKxOYDy9JAro3WMX7p2OeVRF9v+347pnakNevPmiHhNmZ2HbFA76w==

next@^14.2.0:
  version "14.2.33"
  resolved "https://registry.yarnpkg.com/next/-/next-14.2.33.tgz#284bc3de43d9319b7b41d4b69ec9a0ff0905a9e3"
  integrity sha512-GiKHLsD00t4ACm1p00VgrI0rUFAC9cRDGReKyERlM57aeEZkOQGcZTpIbsGn0b562FTPJWmYfKwplfO9EaT6ng==
  dependencies:
    "@next/env" "14.2.33"
    "@swc/helpers" "0.5.5"
    busboy "1.6.0"
    caniuse-lite "^1.0.30001579"
    graceful-fs "^4.2.11"
    postcss "8.4.31"
    styled-jsx "5.1.1"
  optionalDependencies:
    "@next/swc-darwin-arm64" "14.2.33"
    "@next/swc-darwin-x64" "14.2.33"
    "@next/swc-linux-arm64-gnu" "14.2.33"
    "@next/swc-linux-arm64-musl" "14.2.33"
    "@next/swc-linux-x64-gnu" "14.2.33"
    "@next/swc-linux-x64-musl" "14.2.33"
    "@next/swc-win32-arm64-msvc" "14.2.33"
    "@next/swc-win32-ia32-msvc" "14.2.33"
    "@next/swc-win32-x64-msvc" "14.2.33"

picocolors@^1.0.0:
  version "1.1.1"
  resolved "https://registry.yarnpkg.com/picocolors/-/picocolors-1.1.1.tgz#3d321af3eab939b083c8f929a1d12cda81c26b6b"
  integrity sha512-xceH2snhtb5M9liqDsmEw56le376mTZkEX/jEb/RxNFyegNul7eNslCXP9FDj/Lcu0X8KEyMceP2ntpaHrDEVA==

postcss@8.4.31:
  version "8.4.31"
  resolved "https://registry.yarnpkg.com/postcss/-/postcss-8.4.31.tgz#92b451050a9f914da6755af352bdc0192508656d"
  integrity sha512-PS08Iboia9mts/2ygV3eLpY5ghnUcfLV/EXTOW1E2qYxJKGGBUtNjN76FYHnMs36RmARn41bC0AZmn+rR0OVpQ==
  dependencies:
    nanoid "^3.3.6"
    picocolors "^1.0.0"
    source-map-js "^1.0.2"

protobufjs@^7.2.5:
  version "7.5.4"
  resolved "https://registry.yarnpkg.com/protobufjs/-/protobufjs-7.5.4.tgz#885d31fe9c4b37f25d1bb600da30b1c5b37d286a"
  integrity sha512-CvexbZtbov6jW2eXAvLukXjXUW1TzFaivC46BpWc/3BpcCysb5Vffu+B3XHMm8lVEuy2Mm4XGex8hBSg1yapPg==
  dependencies:
    "@protobufjs/aspromise" "^1.1.2"
    "@protobufjs/base64" "^1.1.2"
    "@protobufjs/codegen" "^2.0.4"
    "@protobufjs/eventemitter" "^1.1.0"
    "@protobufjs/fetch" "^1.1.0"
    "@protobufjs/float" "^1.0.2"
    "@protobufjs/inquire" "^1.1.0"
    "@protobufjs/path" "^1.1.2"
    "@protobufjs/pool" "^1.1.0"
    "@protobufjs/utf8" "^1.1.0"
    "@types/node" ">=13.7.0"
    long "^5.0.0"

react-dom@^18.2.0:
  version "18.3.1"
  resolved "https://registry.yarnpkg.com/react-dom/-/react-dom-18.3.1.tgz#c2265d79511b57d479b3dd3fdfa51536494c5cb4"
  integrity sha512-5m4nQKp+rZRb09LNH59GM4BxTh9251/ylbKIbpe7TpGxfJ+9kv6BLkLBXIjjspbgbnIBNqlI23tRnTWT0snUIw==
  dependencies:
    loose-envify "^1.1.0"
    scheduler "^0.23.2"

react@^18.2.0:
  version "18.3.1"
  resolved "https://registry.yarnpkg.com/react/-/react-18.3.1.tgz#49ab892009c53933625bd16b2533fc754cab2891"
  integrity sha512-wS+hAgJShR0KhEvPJArfuPVN1+Hz1t0Y6n5jLrGQbkb4urgPE/0Rve+1kMB1v/oWgHgm4WIcV+i7F2pTVj+2iQ==
  dependencies:
    loose-envify "^1.1.0"

require-directory@^2.1.1:
  version "2.1.1"
  resolved "https://registry.yarnpkg.com/require-directory/-/require-directory-2.1.1.tgz#8c64ad5fd30dab1c976e2344ffe7f792a6a6df42"
  integrity sha512-fGxEI7+wsG9xrvdjsrlmL22OMTTiHRwAMroiEeMgq8gzoLC/PQr7RsRDSTLUg/bZAZtF+TVIkHc6/4RIKrui+Q==

safe-buffer@>=5.1.0:
  version "5.2.1"
  resolved "https://registry.yarnpkg.com/safe-buffer/-/safe-buffer-5.2.1.tgz#1eaf9fa9bdb1fdd4ec75f58f9cdb4e6b7827eec6"
  integrity sha512-rp3So07KcdmmKbGvgaNxQSJr7bGVSVk5S9Eq1F+ppbRo70+YeaDxkw5Dd8NPN+GD6bjnYm2VuPuCXmpuYvmCXQ==

scheduler@^0.23.2:
  version "0.23.2"
  resolved "https://registry.yarnpkg.com/scheduler/-/scheduler-0.23.2.tgz#414ba64a3b282892e944cf2108ecc078d115cdc3"
  integrity sha512-UOShsPwz7NrMUqhR6t0hWjFduvOzbtv7toDH1/hIrfRNIDBnnBWd0CwJTGvTpngVlmwGCdP9/Zl/tVrDqcuYzQ==
  dependencies:
    loose-envify "^1.1.0"

source-map-js@^1.0.2:
  version "1.2.1"
  resolved "https://registry.yarnpkg.com/source-map-js/-/source-map-js-1.2.1.tgz#1ce5650fddd87abc099eda37dcff024c2667ae46"
  integrity sha512-UXWMKhLOwVKb728IUtQPXxfYU+usdybtUrK/8uGE8CQMvrhOpwvzDBwj0QhSL7MQc7vIsISBG8VQ8+IDQxpfQA==

streamsearch@^1.1.0:
  version "1.1.0"
  resolved "https://registry.yarnpkg.com/streamsearch/-/streamsearch-1.1.0.tgz#404dd1e2247ca94af554e841a8ef0eaa238da764"
  integrity sha512-Mcc5wHehp9aXz1ax6bZUyY5afg9u2rv5cqQI3mRrYkGC8rW2hM02jWuwjtL++LS5qinSyhj2QfLyNsuc+VsExg==

string-width@^4.1.0, string-width@^4.2.0, string-width@^4.2.3:
  version "4.2.3"
  resolved "https://registry.yarnpkg.com/string-width/-/string-width-4.2.3.tgz#269c7117d27b05ad2e536830a8ec895ef9c6d010"
  integrity sha512-wKyQRQpjJ0sIp62ErSZdGsjMJWsap5oRNihHhu6G7JVO/9jIB6UyevL+tXuOqrng8j/cxKTWyWUwvSTriiZz/g==
  dependencies:
    emoji-regex "^8.0.0"
    is-fullwidth-code-point "^3.0.0"
    strip-ansi "^6.0.1"

strip-ansi@^6.0.0, strip-ansi@^6.0.1:
  version "6.0.1"
  resolved "https://registry.yarnpkg.com/strip-ansi/-/strip-ansi-6.0.1.tgz#9e26c63d30f53443e9489495b2105d37b67a85d9"
  integrity sha512-Y38VPSHcqkFrCpFnQ9vuSXmquuv5oXOKpGeT6aGrr3o3Gc9AlVa6JBfUSOCnbxGGZF+/0ooI7KrPuUSztUdU5A==
  dependencies:
    ansi-regex "^5.0.1"

styled-jsx@5.1.1:
  version "5.1.1"
  resolved "https://registry.yarnpkg.com/styled-jsx/-/styled-jsx-5.1.1.tgz#839a1c3aaacc4e735fed0781b8619ea5d0009d1f"
  integrity sha512-pW7uC1l4mBZ8ugbiZrcIsiIvVx1UmTfw7UkC3Um2tmfUq9Bhk8IiyEIPl6F8agHgjzku6j0xQEZbfA5uSgSaCw==
  dependencies:
    client-only "0.0.1"

tslib@^2.1.0, tslib@^2.4.0:
  version "2.8.1"
  resolved "https://registry.yarnpkg.com/tslib/-/tslib-2.8.1.tgz#612efe4ed235d567e8aba5f2a5fab70280ade83f"
  integrity sha512-oJFu94HQb+KVduSUQL7wnpmqnfmLsOA/nAh6b6EH0wCEoK0/mPeXU6c3wKDV83MkOuHPRHtSXKKU99IBazS/2w==

typescript@^5.9.3:
  version "5.9.3"
  resolved "https://registry.yarnpkg.com/typescript/-/typescript-5.9.3.tgz#5b4f59e15310ab17a216f5d6cf53ee476ede670f"
  integrity sha512-jl1vZzPDinLr9eUt3J/t7V6FgNEw9QjvBPdysz9KfQDD41fQrC2Y4vKQdiaUpFT4bXlb1RHhLpp8wtm6M5TgSw==

undici-types@~7.13.0:
  version "7.13.0"
  resolved "https://registry.yarnpkg.com/undici-types/-/undici-types-7.13.0.tgz#a20ba7c0a2be0c97bd55c308069d29d167466bff"
  integrity sha512-Ov2Rr9Sx+fRgagJ5AX0qvItZG/JKKoBRAVITs1zk7IqZGTJUwgUr7qoYBpWwakpWilTZFM98rG/AFRocu10iIQ==

web-vitals@^4.2.4:
  version "4.2.4"
  resolved "https://registry.yarnpkg.com/web-vitals/-/web-vitals-4.2.4.tgz#1d20bc8590a37769bd0902b289550936069184b7"
  integrity sha512-r4DIlprAGwJ7YM11VZp4R884m0Vmgr6EAKe3P+kO0PPj3Unqyvv59rczf6UiGcb9Z8QxZVcqKNwv/g0WNdWwsw==

websocket-driver@>=0.5.1:
  version "0.7.4"
  resolved "https://registry.yarnpkg.com/websocket-driver/-/websocket-driver-0.7.4.tgz#89ad5295bbf64b480abcba31e4953aca706f5760"
  integrity sha512-b17KeDIQVjvb0ssuSDF2cYXSg2iztliJ4B9WdsuB6J952qCPKmnVq4DyW5motImXHDC1cBT/1UezrJVsKw5zjg==
  dependencies:
    http-parser-js ">=0.5.1"
    safe-buffer ">=5.1.0"
    websocket-extensions ">=0.1.1"

websocket-extensions@>=0.1.1:
  version "0.1.4"
  resolved "https://registry.yarnpkg.com/websocket-extensions/-/websocket-extensions-0.1.4.tgz#7f8473bc839dfd87608adb95d7eb075211578a42"
  integrity sha512-OqedPIGOfsDlo31UNwYbCFMSaO9m9G/0faIHj5/dZFDMFqPTcx6UwqyOy3COEaEOg/9VsGIpdqn62W5KhoKSpg==

wrap-ansi@^7.0.0:
  version "7.0.0"
  resolved "https://registry.yarnpkg.com/wrap-ansi/-/wrap-ansi-7.0.0.tgz#67e145cff510a6a6984bdf1152911d69d2eb9e43"
  integrity sha512-YVGIj2kamLSTxw6NsZjoBxfSwsn0ycdesmc4p+Q21c5zPuZ1pl+NfxVdxPtdHvmNVOQ6XSYG4AUtyt/Fi7D16Q==
  dependencies:
    ansi-styles "^4.0.0"
    string-width "^4.1.0"
    strip-ansi "^6.0.0"

y18n@^5.0.5:
  version "5.0.8"
  resolved "https://registry.yarnpkg.com/y18n/-/y18n-5.0.8.tgz#7f4934d0f7ca8c56f95314939ddcd2dd91ce1d55"
  integrity sha512-0pfFzegeDWJHJIAmTLRP2DwHjdF5s7jo9tuztdQxAhINCdvS+3nGINqPd00AphqJR/0LhANUS6/+7SCb98YOfA==

yargs-parser@^21.1.1:
  version "21.1.1"
  resolved "https://registry.yarnpkg.com/yargs-parser/-/yargs-parser-21.1.1.tgz#9096bceebf990d21bb31fa9516e0ede294a77d35"
  integrity sha512-tVpsJW7DdjecAiFpbIB1e3qxIQsE6NoPc5/eTdrbbIC4h0LVsWhnoa3g+m2HclBIujHzsxZ4VJVA+GUuc2/LBw==

yargs@^17.7.2:
  version "17.7.2"
  resolved "https://registry.yarnpkg.com/yargs/-/yargs-17.7.2.tgz#991df39aca675a192b816e1e0363f9d75d2aa269"
  integrity sha512-7dSzzRQ++CKnNI/krKnYRV7JKKPUXMEh61soaHKg9mrWEhzFWhFnxPxGl+69cD1Ou63C13NUPCnmIcrvqCuM6w==
  dependencies:
    cliui "^8.0.1"
    escalade "^3.1.1"
    get-caller-file "^2.0.5"
    require-directory "^2.1.1"
    string-width "^4.2.3"
    y18n "^5.0.5"
    yargs-parser "^21.1.1"
